
Microsoft Visual Studio Solution File, Format Version 12.00
# Visual Studio 2013
VisualStudioVersion = 12.0.30723.0
MinimumVisualStudioVersion = 10.0.40219.1
Project("{FAE04EC0-301F-11D3-BF4B-00C04F79EFBC}") = "UILHost.Web", "UILHost.Web\UILHost.Web.csproj", "{29363D04-ECC2-4B90-AB55-C6AE3198E957}"
EndProject
Project("{2150E333-8FDC-42A3-9474-1A3956D46DE8}") = "PublishScripts", "PublishScripts", "{ECAD045B-E20F-43D0-8142-B9F99A9BF177}"
	ProjectSection(SolutionItems) = preProject
		PublishScripts\AzureWebsitePublishModule.psm1 = PublishScripts\AzureWebsitePublishModule.psm1
		PublishScripts\Publish-WebApplicationWebsite.ps1 = PublishScripts\Publish-WebApplicationWebsite.ps1
	EndProjectSection
EndProject
Project("{2150E333-8FDC-42A3-9474-1A3956D46DE8}") = "Configurations", "Configurations", "{9B97EBC8-D3C9-46B0-9425-BCB81E5C940D}"
	ProjectSection(SolutionItems) = preProject
		PublishScripts\Configurations\UILHostWeb-WAWS-dev.json = PublishScripts\Configurations\UILHostWeb-WAWS-dev.json
	EndProjectSection
EndProject
Project("{2150E333-8FDC-42A3-9474-1A3956D46DE8}") = "Framework", "Framework", "{2DC708A7-F5D8-4393-B257-F790D3CAA441}"
EndProject
Project("{2150E333-8FDC-42A3-9474-1A3956D46DE8}") = ".nuget", ".nuget", "{E464C1AA-3C69-43C1-B17C-D992123EB43B}"
	ProjectSection(SolutionItems) = preProject
		.nuget\NuGet.Config = .nuget\NuGet.Config
		.nuget\NuGet.exe = .nuget\NuGet.exe
	EndProjectSection
EndProject
Project("{FAE04EC0-301F-11D3-BF4B-00C04F79EFBC}") = "UILHost.Infrastructure", "UILHost.Infrastructure\UILHost.Infrastructure.csproj", "{7277F8F5-7DD3-47C6-8D81-B5EF77DD10EC}"
EndProject
Project("{FAE04EC0-301F-11D3-BF4B-00C04F79EFBC}") = "UILHost.Common", "UILHost.Common\UILHost.Common.csproj", "{AB3F9C5A-26AF-45CE-9CA0-C2BD785DEEAA}"
EndProject
Project("{FAE04EC0-301F-11D3-BF4B-00C04F79EFBC}") = "UILHost.Repository.Pattern", "Repository.Pattern\UILHost.Repository.Pattern.csproj", "{6E682A14-C872-4813-B620-76E108DEA683}"
EndProject
Project("{FAE04EC0-301F-11D3-BF4B-00C04F79EFBC}") = "UILHost.Repository.Pattern.Ef6", "Repository.Pattern.Ef6\UILHost.Repository.Pattern.Ef6.csproj", "{F68A1D19-93FB-47C1-A22B-42BEA3E4FD8C}"
EndProject
Project("{FAE04EC0-301F-11D3-BF4B-00C04F79EFBC}") = "UILHost.Service.Pattern", "Service.Pattern\UILHost.Service.Pattern.csproj", "{86F86650-EE3C-4372-8FEC-40C2FE015022}"
EndProject
Global
	GlobalSection(SolutionConfigurationPlatforms) = preSolution
		Debug|Any CPU = Debug|Any CPU
		Debug|x86 = Debug|x86
		Release|Any CPU = Release|Any CPU
		Release|x86 = Release|x86
	EndGlobalSection
	GlobalSection(ProjectConfigurationPlatforms) = postSolution
		{29363D04-ECC2-4B90-AB55-C6AE3198E957}.Debug|Any CPU.ActiveCfg = Debug|Any CPU
		{29363D04-ECC2-4B90-AB55-C6AE3198E957}.Debug|Any CPU.Build.0 = Debug|Any CPU
		{29363D04-ECC2-4B90-AB55-C6AE3198E957}.Debug|x86.ActiveCfg = Debug|Any CPU
		{29363D04-ECC2-4B90-AB55-C6AE3198E957}.Release|Any CPU.ActiveCfg = Release|Any CPU
		{29363D04-ECC2-4B90-AB55-C6AE3198E957}.Release|Any CPU.Build.0 = Release|Any CPU
		{29363D04-ECC2-4B90-AB55-C6AE3198E957}.Release|x86.ActiveCfg = Release|Any CPU
		{7277F8F5-7DD3-47C6-8D81-B5EF77DD10EC}.Debug|Any CPU.ActiveCfg = Debug|Any CPU
		{7277F8F5-7DD3-47C6-8D81-B5EF77DD10EC}.Debug|Any CPU.Build.0 = Debug|Any CPU
		{7277F8F5-7DD3-47C6-8D81-B5EF77DD10EC}.Debug|x86.ActiveCfg = Debug|Any CPU
		{7277F8F5-7DD3-47C6-8D81-B5EF77DD10EC}.Release|Any CPU.ActiveCfg = Release|Any CPU
		{7277F8F5-7DD3-47C6-8D81-B5EF77DD10EC}.Release|Any CPU.Build.0 = Release|Any CPU
		{7277F8F5-7DD3-47C6-8D81-B5EF77DD10EC}.Release|x86.ActiveCfg = Release|Any CPU
		{AB3F9C5A-26AF-45CE-9CA0-C2BD785DEEAA}.Debug|Any CPU.ActiveCfg = Debug|Any CPU
		{AB3F9C5A-26AF-45CE-9CA0-C2BD785DEEAA}.Debug|Any CPU.Build.0 = Debug|Any CPU
		{AB3F9C5A-26AF-45CE-9CA0-C2BD785DEEAA}.Debug|x86.ActiveCfg = Debug|Any CPU
		{AB3F9C5A-26AF-45CE-9CA0-C2BD785DEEAA}.Release|Any CPU.ActiveCfg = Release|Any CPU
		{AB3F9C5A-26AF-45CE-9CA0-C2BD785DEEAA}.Release|Any CPU.Build.0 = Release|Any CPU
		{AB3F9C5A-26AF-45CE-9CA0-C2BD785DEEAA}.Release|x86.ActiveCfg = Release|Any CPU
		{6E682A14-C872-4813-B620-76E108DEA683}.Debug|Any CPU.ActiveCfg = Debug|Any CPU
		{6E682A14-C872-4813-B620-76E108DEA683}.Debug|Any CPU.Build.0 = Debug|Any CPU
		{6E682A14-C872-4813-B620-76E108DEA683}.Debug|x86.ActiveCfg = Debug|x86
		{6E682A14-C872-4813-B620-76E108DEA683}.Debug|x86.Build.0 = Debug|x86
		{6E682A14-C872-4813-B620-76E108DEA683}.Release|Any CPU.ActiveCfg = Release|Any CPU
		{6E682A14-C872-4813-B620-76E108DEA683}.Release|Any CPU.Build.0 = Release|Any CPU
		{6E682A14-C872-4813-B620-76E108DEA683}.Release|x86.ActiveCfg = Release|x86
		{6E682A14-C872-4813-B620-76E108DEA683}.Release|x86.Build.0 = Release|x86
		{F68A1D19-93FB-47C1-A22B-42BEA3E4FD8C}.Debug|Any CPU.ActiveCfg = Debug|Any CPU
		{F68A1D19-93FB-47C1-A22B-42BEA3E4FD8C}.Debug|Any CPU.Build.0 = Debug|Any CPU
		{F68A1D19-93FB-47C1-A22B-42BEA3E4FD8C}.Debug|x86.ActiveCfg = Debug|Any CPU
		{F68A1D19-93FB-47C1-A22B-42BEA3E4FD8C}.Release|Any CPU.ActiveCfg = Release|Any CPU
		{F68A1D19-93FB-47C1-A22B-42BEA3E4FD8C}.Release|Any CPU.Build.0 = Release|Any CPU
		{F68A1D19-93FB-47C1-A22B-42BEA3E4FD8C}.Release|x86.ActiveCfg = Release|Any CPU
		{86F86650-EE3C-4372-8FEC-40C2FE015022}.Debug|Any CPU.ActiveCfg = Debug|Any CPU
		{86F86650-EE3C-4372-8FEC-40C2FE015022}.Debug|Any CPU.Build.0 = Debug|Any CPU
		{86F86650-EE3C-4372-8FEC-40C2FE015022}.Debug|x86.ActiveCfg = Debug|Any CPU
		{86F86650-EE3C-4372-8FEC-40C2FE015022}.Release|Any CPU.ActiveCfg = Release|Any CPU
		{86F86650-EE3C-4372-8FEC-40C2FE015022}.Release|Any CPU.Build.0 = Release|Any CPU
		{86F86650-EE3C-4372-8FEC-40C2FE015022}.Release|x86.ActiveCfg = Release|Any CPU
	EndGlobalSection
	GlobalSection(SolutionProperties) = preSolution
		HideSolutionNode = FALSE
	EndGlobalSection
	GlobalSection(NestedProjects) = preSolution
		{9B97EBC8-D3C9-46B0-9425-BCB81E5C940D} = {ECAD045B-E20F-43D0-8142-B9F99A9BF177}
		{AB3F9C5A-26AF-45CE-9CA0-C2BD785DEEAA} = {2DC708A7-F5D8-4393-B257-F790D3CAA441}
		{6E682A14-C872-4813-B620-76E108DEA683} = {2DC708A7-F5D8-4393-B257-F790D3CAA441}
		{F68A1D19-93FB-47C1-A22B-42BEA3E4FD8C} = {2DC708A7-F5D8-4393-B257-F790D3CAA441}
		{86F86650-EE3C-4372-8FEC-40C2FE015022} = {2DC708A7-F5D8-4393-B257-F790D3CAA441}
	EndGlobalSection
EndGlobal
